
Microsoft Visual Studio Solution File, Format Version 12.00
# Visual Studio 15
VisualStudioVersion = 15.0.27130.2010
MinimumVisualStudioVersion = 10.0.40219.1
Project("{FAE04EC0-301F-11D3-BF4B-00C04F79EFBC}") = "CustomAlertBoxDemo", "CustomAlertBoxDemo\CustomAlertBoxDemo.csproj", "{19039AC1-EE08-460B-821B-0277442D04D1}"
EndProject
Global
	GlobalSection(SolutionConfigurationPlatforms) = preSolution
		Debug|Any CPU = Debug|Any CPU
		Release|Any CPU = Release|Any CPU
	EndGlobalSection
	GlobalSection(ProjectConfigurationPlatforms) = postSolution
		{19039AC1-EE08-460B-821B-0277442D04D1}.Debug|Any CPU.ActiveCfg = Debug|Any CPU
		{19039AC1-EE08-460B-821B-0277442D04D1}.Debug|Any CPU.Build.0 = Debug|Any CPU
		{19039AC1-EE08-460B-821B-0277442D04D1}.Release|Any CPU.ActiveCfg = Release|Any CPU
		{19039AC1-EE08-460B-821B-0277442D04D1}.Release|Any CPU.Build.0 = Release|Any CPU
	EndGlobalSection
	GlobalSection(SolutionProperties) = preSolution
		HideSolutionNode = FALSE
	EndGlobalSection
	GlobalSection(ExtensibilityGlobals) = postSolution
		SolutionGuid = {19AD8DF3-2578-452C-8B1E-36279D23FABA}
	EndGlobalSection
EndGlobal
