
Microsoft Visual Studio Solution File, Format Version 12.00
# Visual Studio 15
VisualStudioVersion = 15.0.28307.421
MinimumVisualStudioVersion = 10.0.40219.1
Project("{FAE04EC0-301F-11D3-BF4B-00C04F79EFBC}") = "TypingMaster", "TypingMaster\TypingMaster.csproj", "{5BAA47E7-B318-4E64-9CF8-05B0975CA43F}"
EndProject
Global
	GlobalSection(SolutionConfigurationPlatforms) = preSolution
		Debug|Any CPU = Debug|Any CPU
		Release|Any CPU = Release|Any CPU
	EndGlobalSection
	GlobalSection(ProjectConfigurationPlatforms) = postSolution
		{5BAA47E7-B318-4E64-9CF8-05B0975CA43F}.Debug|Any CPU.ActiveCfg = Debug|Any CPU
		{5BAA47E7-B318-4E64-9CF8-05B0975CA43F}.Debug|Any CPU.Build.0 = Debug|Any CPU
		{5BAA47E7-B318-4E64-9CF8-05B0975CA43F}.Release|Any CPU.ActiveCfg = Release|Any CPU
		{5BAA47E7-B318-4E64-9CF8-05B0975CA43F}.Release|Any CPU.Build.0 = Release|Any CPU
	EndGlobalSection
	GlobalSection(SolutionProperties) = preSolution
		HideSolutionNode = FALSE
	EndGlobalSection
	GlobalSection(ExtensibilityGlobals) = postSolution
		SolutionGuid = {BB4C3F71-ACFD-4080-A88C-9C2454B24CF1}
	EndGlobalSection
EndGlobal
