
Microsoft Visual Studio Solution File, Format Version 12.00
# Visual Studio 15
VisualStudioVersion = 15.0.28307.757
MinimumVisualStudioVersion = 10.0.40219.1
Project("{FAE04EC0-301F-11D3-BF4B-00C04F79EFBC}") = "QuanLyBanHang", "QuanLyBanHang\QuanLyBanHang.csproj", "{C3CD7C6B-F2C7-46F3-9719-7E149FB27294}"
EndProject
Global
	GlobalSection(SolutionConfigurationPlatforms) = preSolution
		Debug|Any CPU = Debug|Any CPU
		Release|Any CPU = Release|Any CPU
	EndGlobalSection
	GlobalSection(ProjectConfigurationPlatforms) = postSolution
		{C3CD7C6B-F2C7-46F3-9719-7E149FB27294}.Debug|Any CPU.ActiveCfg = Debug|Any CPU
		{C3CD7C6B-F2C7-46F3-9719-7E149FB27294}.Debug|Any CPU.Build.0 = Debug|Any CPU
		{C3CD7C6B-F2C7-46F3-9719-7E149FB27294}.Release|Any CPU.ActiveCfg = Release|Any CPU
		{C3CD7C6B-F2C7-46F3-9719-7E149FB27294}.Release|Any CPU.Build.0 = Release|Any CPU
	EndGlobalSection
	GlobalSection(SolutionProperties) = preSolution
		HideSolutionNode = FALSE
	EndGlobalSection
	GlobalSection(ExtensibilityGlobals) = postSolution
		SolutionGuid = {E5AF6068-56D6-4570-8A9E-5E3E4E742194}
	EndGlobalSection
EndGlobal
