
Microsoft Visual Studio Solution File, Format Version 12.00
# Visual Studio 15
VisualStudioVersion = 15.0.28307.705
MinimumVisualStudioVersion = 10.0.40219.1
Project("{FAE04EC0-301F-11D3-BF4B-00C04F79EFBC}") = "Hook", "Hook\Hook.csproj", "{D62EF64C-F553-43C4-B938-F01087B7EFDE}"
EndProject
Global
	GlobalSection(SolutionConfigurationPlatforms) = preSolution
		Debug|Any CPU = Debug|Any CPU
		Release|Any CPU = Release|Any CPU
	EndGlobalSection
	GlobalSection(ProjectConfigurationPlatforms) = postSolution
		{D62EF64C-F553-43C4-B938-F01087B7EFDE}.Debug|Any CPU.ActiveCfg = Debug|Any CPU
		{D62EF64C-F553-43C4-B938-F01087B7EFDE}.Debug|Any CPU.Build.0 = Debug|Any CPU
		{D62EF64C-F553-43C4-B938-F01087B7EFDE}.Release|Any CPU.ActiveCfg = Release|Any CPU
		{D62EF64C-F553-43C4-B938-F01087B7EFDE}.Release|Any CPU.Build.0 = Release|Any CPU
	EndGlobalSection
	GlobalSection(SolutionProperties) = preSolution
		HideSolutionNode = FALSE
	EndGlobalSection
	GlobalSection(ExtensibilityGlobals) = postSolution
		SolutionGuid = {6465F171-8E17-49CB-A16B-14BF735581AE}
	EndGlobalSection
EndGlobal
