
Microsoft Visual Studio Solution File, Format Version 12.00
# Visual Studio 15
VisualStudioVersion = 15.0.28307.572
MinimumVisualStudioVersion = 10.0.40219.1
Project("{FAE04EC0-301F-11D3-BF4B-00C04F79EFBC}") = "JumplistDemo", "JumplistDemo\JumplistDemo.csproj", "{E0067A84-268A-4F41-8CAA-F61AF0EEBA1B}"
EndProject
Global
	GlobalSection(SolutionConfigurationPlatforms) = preSolution
		Debug|Any CPU = Debug|Any CPU
		Release|Any CPU = Release|Any CPU
	EndGlobalSection
	GlobalSection(ProjectConfigurationPlatforms) = postSolution
		{E0067A84-268A-4F41-8CAA-F61AF0EEBA1B}.Debug|Any CPU.ActiveCfg = Debug|Any CPU
		{E0067A84-268A-4F41-8CAA-F61AF0EEBA1B}.Debug|Any CPU.Build.0 = Debug|Any CPU
		{E0067A84-268A-4F41-8CAA-F61AF0EEBA1B}.Release|Any CPU.ActiveCfg = Release|Any CPU
		{E0067A84-268A-4F41-8CAA-F61AF0EEBA1B}.Release|Any CPU.Build.0 = Release|Any CPU
	EndGlobalSection
	GlobalSection(SolutionProperties) = preSolution
		HideSolutionNode = FALSE
	EndGlobalSection
	GlobalSection(ExtensibilityGlobals) = postSolution
		SolutionGuid = {52A38030-D5D1-4148-98DC-F0439EEC878A}
	EndGlobalSection
EndGlobal
