
Microsoft Visual Studio Solution File, Format Version 11.00
# Visual Studio 2010
Project("{FAE04EC0-301F-11D3-BF4B-00C04F79EFBC}") = "OMR Test 1", "OMR Test 1\OMR Test 1.csproj", "{34852A52-BDDD-4E6C-89C7-5ADDEA476D81}"
EndProject
Project("{FAE04EC0-301F-11D3-BF4B-00C04F79EFBC}") = "OMR", "OMR\OMR.csproj", "{9E18F690-E9B0-421A-B12F-8E2E5F382261}"
EndProject
Global
	GlobalSection(SolutionConfigurationPlatforms) = preSolution
		Debug|Any CPU = Debug|Any CPU
		Release|Any CPU = Release|Any CPU
	EndGlobalSection
	GlobalSection(ProjectConfigurationPlatforms) = postSolution
		{34852A52-BDDD-4E6C-89C7-5ADDEA476D81}.Debug|Any CPU.ActiveCfg = Debug|Any CPU
		{34852A52-BDDD-4E6C-89C7-5ADDEA476D81}.Debug|Any CPU.Build.0 = Debug|Any CPU
		{34852A52-BDDD-4E6C-89C7-5ADDEA476D81}.Release|Any CPU.ActiveCfg = Release|Any CPU
		{34852A52-BDDD-4E6C-89C7-5ADDEA476D81}.Release|Any CPU.Build.0 = Release|Any CPU
		{9E18F690-E9B0-421A-B12F-8E2E5F382261}.Debug|Any CPU.ActiveCfg = Debug|Any CPU
		{9E18F690-E9B0-421A-B12F-8E2E5F382261}.Debug|Any CPU.Build.0 = Debug|Any CPU
		{9E18F690-E9B0-421A-B12F-8E2E5F382261}.Release|Any CPU.ActiveCfg = Release|Any CPU
		{9E18F690-E9B0-421A-B12F-8E2E5F382261}.Release|Any CPU.Build.0 = Release|Any CPU
	EndGlobalSection
	GlobalSection(SolutionProperties) = preSolution
		HideSolutionNode = FALSE
	EndGlobalSection
EndGlobal
