
Microsoft Visual Studio Solution File, Format Version 12.00
# Visual Studio Version 16
VisualStudioVersion = 16.0.29613.14
MinimumVisualStudioVersion = 10.0.40219.1
Project("{FAE04EC0-301F-11D3-BF4B-00C04F79EFBC}") = "TextToSpeech", "TextToSpeech\TextToSpeech.csproj", "{DCB9E092-C2D8-4D6D-ADFD-881B53CD5873}"
EndProject
Global
	GlobalSection(SolutionConfigurationPlatforms) = preSolution
		Debug|Any CPU = Debug|Any CPU
		Release|Any CPU = Release|Any CPU
	EndGlobalSection
	GlobalSection(ProjectConfigurationPlatforms) = postSolution
		{DCB9E092-C2D8-4D6D-ADFD-881B53CD5873}.Debug|Any CPU.ActiveCfg = Debug|Any CPU
		{DCB9E092-C2D8-4D6D-ADFD-881B53CD5873}.Debug|Any CPU.Build.0 = Debug|Any CPU
		{DCB9E092-C2D8-4D6D-ADFD-881B53CD5873}.Release|Any CPU.ActiveCfg = Release|Any CPU
		{DCB9E092-C2D8-4D6D-ADFD-881B53CD5873}.Release|Any CPU.Build.0 = Release|Any CPU
	EndGlobalSection
	GlobalSection(SolutionProperties) = preSolution
		HideSolutionNode = FALSE
	EndGlobalSection
	GlobalSection(ExtensibilityGlobals) = postSolution
		SolutionGuid = {63ACC49E-E56F-411A-A6D5-03AB0F7E6B9F}
	EndGlobalSection
EndGlobal
