
Microsoft Visual Studio Solution File, Format Version 12.00
# Visual Studio Version 16
VisualStudioVersion = 16.0.29613.14
MinimumVisualStudioVersion = 10.0.40219.1
Project("{FAE04EC0-301F-11D3-BF4B-00C04F79EFBC}") = "GetStudentsStudyLesson", "GetStudentsStudyLesson\GetStudentsStudyLesson.csproj", "{4C83CDB3-15D6-4F7C-85CC-BB960E5B841E}"
EndProject
Global
	GlobalSection(SolutionConfigurationPlatforms) = preSolution
		Debug|Any CPU = Debug|Any CPU
		Release|Any CPU = Release|Any CPU
	EndGlobalSection
	GlobalSection(ProjectConfigurationPlatforms) = postSolution
		{4C83CDB3-15D6-4F7C-85CC-BB960E5B841E}.Debug|Any CPU.ActiveCfg = Debug|Any CPU
		{4C83CDB3-15D6-4F7C-85CC-BB960E5B841E}.Debug|Any CPU.Build.0 = Debug|Any CPU
		{4C83CDB3-15D6-4F7C-85CC-BB960E5B841E}.Release|Any CPU.ActiveCfg = Release|Any CPU
		{4C83CDB3-15D6-4F7C-85CC-BB960E5B841E}.Release|Any CPU.Build.0 = Release|Any CPU
	EndGlobalSection
	GlobalSection(SolutionProperties) = preSolution
		HideSolutionNode = FALSE
	EndGlobalSection
	GlobalSection(ExtensibilityGlobals) = postSolution
		SolutionGuid = {BD8B5878-F060-4470-A663-7BD1A9E8489D}
	EndGlobalSection
EndGlobal
