
Microsoft Visual Studio Solution File, Format Version 12.00
# Visual Studio Version 16
VisualStudioVersion = 16.0.31205.134
MinimumVisualStudioVersion = 10.0.40219.1
Project("{FAE04EC0-301F-11D3-BF4B-00C04F79EFBC}") = "DigitalClock", "DigitalClock\DigitalClock.csproj", "{7F9133A9-3935-47CE-9D6F-69CA3A56AE84}"
EndProject
Global
	GlobalSection(SolutionConfigurationPlatforms) = preSolution
		Debug|Any CPU = Debug|Any CPU
		Release|Any CPU = Release|Any CPU
	EndGlobalSection
	GlobalSection(ProjectConfigurationPlatforms) = postSolution
		{7F9133A9-3935-47CE-9D6F-69CA3A56AE84}.Debug|Any CPU.ActiveCfg = Debug|Any CPU
		{7F9133A9-3935-47CE-9D6F-69CA3A56AE84}.Debug|Any CPU.Build.0 = Debug|Any CPU
		{7F9133A9-3935-47CE-9D6F-69CA3A56AE84}.Release|Any CPU.ActiveCfg = Release|Any CPU
		{7F9133A9-3935-47CE-9D6F-69CA3A56AE84}.Release|Any CPU.Build.0 = Release|Any CPU
	EndGlobalSection
	GlobalSection(SolutionProperties) = preSolution
		HideSolutionNode = FALSE
	EndGlobalSection
	GlobalSection(ExtensibilityGlobals) = postSolution
		SolutionGuid = {19A81042-C90C-45EC-A7EE-36DB9AF207D1}
	EndGlobalSection
EndGlobal
