
Microsoft Visual Studio Solution File, Format Version 11.00
# Visual Studio 2010
Project("{FAE04EC0-301F-11D3-BF4B-00C04F79EFBC}") = "Cyotek.GhostScript", "Cyotek.GhostScript.csproj", "{66780A35-8FD2-40D8-A647-6B7C6856C9EE}"
EndProject
Global
	GlobalSection(SolutionConfigurationPlatforms) = preSolution
		Debug|Any CPU = Debug|Any CPU
		Release|Any CPU = Release|Any CPU
	EndGlobalSection
	GlobalSection(ProjectConfigurationPlatforms) = postSolution
		{66780A35-8FD2-40D8-A647-6B7C6856C9EE}.Debug|Any CPU.ActiveCfg = Debug|Any CPU
		{66780A35-8FD2-40D8-A647-6B7C6856C9EE}.Debug|Any CPU.Build.0 = Debug|Any CPU
		{66780A35-8FD2-40D8-A647-6B7C6856C9EE}.Release|Any CPU.ActiveCfg = Release|Any CPU
		{66780A35-8FD2-40D8-A647-6B7C6856C9EE}.Release|Any CPU.Build.0 = Release|Any CPU
	EndGlobalSection
	GlobalSection(SolutionProperties) = preSolution
		HideSolutionNode = FALSE
	EndGlobalSection
EndGlobal
